Microsoft Visual Studio Solution File, Format Version 11.00
# Visual Studio 2010
Project("{FAE04EC0-301F-11D3-BF4B-00C04F79EFBC}") = "Assembly-CSharp", "Assembly-CSharp.csproj", "{A6C5C480-DDCF-DDF6-AC39-C454B7950AAB}"
EndProject
Project("{FAE04EC0-301F-11D3-BF4B-00C04F79EFBC}") = "AstarPathfindingProject", "AstarPathfindingProject.csproj", "{6BCCA693-C166-0694-0CFF-91025708BAAE}"
EndProject
Project("{FAE04EC0-301F-11D3-BF4B-00C04F79EFBC}") = "Assembly-CSharp-Editor", "Assembly-CSharp-Editor.csproj", "{88D910AF-DCE9-2F94-8BAE-C3E4C7A84B90}"
EndProject
Project("{FAE04EC0-301F-11D3-BF4B-00C04F79EFBC}") = "AstarPathfindingProjectEditor", "AstarPathfindingProjectEditor.csproj", "{EA65BA14-523C-2350-202E-171028C6D488}"
EndProject
Project("{FAE04EC0-301F-11D3-BF4B-00C04F79EFBC}") = "PackageToolsEditor", "PackageToolsEditor.csproj", "{F561D520-F1BB-8932-2C13-1BF0EDB23DC8}"
EndProject
Global
	GlobalSection(SolutionConfigurationPlatforms) = preSolution
		Debug|Any CPU = Debug|Any CPU
		Release|Any CPU = Release|Any CPU
	EndGlobalSection
	GlobalSection(ProjectConfigurationPlatforms) = postSolution
		{A6C5C480-DDCF-DDF6-AC39-C454B7950AAB}.Debug|Any CPU.ActiveCfg = Debug|Any CPU
		{A6C5C480-DDCF-DDF6-AC39-C454B7950AAB}.Debug|Any CPU.Build.0 = Debug|Any CPU
		{A6C5C480-DDCF-DDF6-AC39-C454B7950AAB}.Release|Any CPU.ActiveCfg = Release|Any CPU
		{A6C5C480-DDCF-DDF6-AC39-C454B7950AAB}.Release|Any CPU.Build.0 = Release|Any CPU
		{6BCCA693-C166-0694-0CFF-91025708BAAE}.Debug|Any CPU.ActiveCfg = Debug|Any CPU
		{6BCCA693-C166-0694-0CFF-91025708BAAE}.Debug|Any CPU.Build.0 = Debug|Any CPU
		{6BCCA693-C166-0694-0CFF-91025708BAAE}.Release|Any CPU.ActiveCfg = Release|Any CPU
		{6BCCA693-C166-0694-0CFF-91025708BAAE}.Release|Any CPU.Build.0 = Release|Any CPU
		{88D910AF-DCE9-2F94-8BAE-C3E4C7A84B90}.Debug|Any CPU.ActiveCfg = Debug|Any CPU
		{88D910AF-DCE9-2F94-8BAE-C3E4C7A84B90}.Debug|Any CPU.Build.0 = Debug|Any CPU
		{88D910AF-DCE9-2F94-8BAE-C3E4C7A84B90}.Release|Any CPU.ActiveCfg = Release|Any CPU
		{88D910AF-DCE9-2F94-8BAE-C3E4C7A84B90}.Release|Any CPU.Build.0 = Release|Any CPU
		{EA65BA14-523C-2350-202E-171028C6D488}.Debug|Any CPU.ActiveCfg = Debug|Any CPU
		{EA65BA14-523C-2350-202E-171028C6D488}.Debug|Any CPU.Build.0 = Debug|Any CPU
		{EA65BA14-523C-2350-202E-171028C6D488}.Release|Any CPU.ActiveCfg = Release|Any CPU
		{EA65BA14-523C-2350-202E-171028C6D488}.Release|Any CPU.Build.0 = Release|Any CPU
		{F561D520-F1BB-8932-2C13-1BF0EDB23DC8}.Debug|Any CPU.ActiveCfg = Debug|Any CPU
		{F561D520-F1BB-8932-2C13-1BF0EDB23DC8}.Debug|Any CPU.Build.0 = Debug|Any CPU
		{F561D520-F1BB-8932-2C13-1BF0EDB23DC8}.Release|Any CPU.ActiveCfg = Release|Any CPU
		{F561D520-F1BB-8932-2C13-1BF0EDB23DC8}.Release|Any CPU.Build.0 = Release|Any CPU
	EndGlobalSection
	GlobalSection(SolutionProperties) = preSolution
		HideSolutionNode = FALSE
	EndGlobalSection
	GlobalSection(MonoDevelopProperties) = preSolution
		StartupItem = Assembly-CSharp.csproj
	EndGlobalSection
EndGlobal
